
Microsoft Visual Studio Solution File, Format Version 12.00
# Visual Studio 14
VisualStudioVersion = 14.0.25123.0
MinimumVisualStudioVersion = 10.0.40219.1
Project("{FAE04EC0-301F-11D3-BF4B-00C04F79EFBC}") = "REST", "REST\REST.csproj", "{B1135511-1524-4350-A7E1-878222E986F0}"
EndProject
Project("{FAE04EC0-301F-11D3-BF4B-00C04F79EFBC}") = "REST_Assignment_1", "REST_Assignment_1\REST_Assignment_1.csproj", "{5F434F4E-78D5-424B-AB32-2DD3F32C8592}"
EndProject
Global
	GlobalSection(SolutionConfigurationPlatforms) = preSolution
		Debug|Any CPU = Debug|Any CPU
		Release|Any CPU = Release|Any CPU
	EndGlobalSection
	GlobalSection(ProjectConfigurationPlatforms) = postSolution
		{B1135511-1524-4350-A7E1-878222E986F0}.Debug|Any CPU.ActiveCfg = Debug|Any CPU
		{B1135511-1524-4350-A7E1-878222E986F0}.Debug|Any CPU.Build.0 = Debug|Any CPU
		{B1135511-1524-4350-A7E1-878222E986F0}.Release|Any CPU.ActiveCfg = Release|Any CPU
		{B1135511-1524-4350-A7E1-878222E986F0}.Release|Any CPU.Build.0 = Release|Any CPU
		{5F434F4E-78D5-424B-AB32-2DD3F32C8592}.Debug|Any CPU.ActiveCfg = Debug|Any CPU
		{5F434F4E-78D5-424B-AB32-2DD3F32C8592}.Debug|Any CPU.Build.0 = Debug|Any CPU
		{5F434F4E-78D5-424B-AB32-2DD3F32C8592}.Release|Any CPU.ActiveCfg = Release|Any CPU
		{5F434F4E-78D5-424B-AB32-2DD3F32C8592}.Release|Any CPU.Build.0 = Release|Any CPU
	EndGlobalSection
	GlobalSection(SolutionProperties) = preSolution
		HideSolutionNode = FALSE
	EndGlobalSection
EndGlobal
